
Microsoft Visual Studio Solution File, Format Version 12.00
# Visual Studio Version 16
VisualStudioVersion = 16.0.29326.143
MinimumVisualStudioVersion = 10.0.40219.1
Project("{9A19103F-16F7-4668-BE54-9A1E7A4F7556}") = "Tutorials.Test", "Tutorials.Test\Tutorials.Test.csproj", "{6B50F04B-DD41-4F0A-943F-8A9069914198}"
EndProject
Project("{9A19103F-16F7-4668-BE54-9A1E7A4F7556}") = "Tutorials.API", "Tutorials.API\Tutorials.API.csproj", "{08E84733-18EA-411A-9672-DC1A36CED9E0}"
EndProject
Global
	GlobalSection(SolutionConfigurationPlatforms) = preSolution
		Debug|Any CPU = Debug|Any CPU
		Release|Any CPU = Release|Any CPU
	EndGlobalSection
	GlobalSection(ProjectConfigurationPlatforms) = postSolution
		{6B50F04B-DD41-4F0A-943F-8A9069914198}.Debug|Any CPU.ActiveCfg = Debug|Any CPU
		{6B50F04B-DD41-4F0A-943F-8A9069914198}.Debug|Any CPU.Build.0 = Debug|Any CPU
		{6B50F04B-DD41-4F0A-943F-8A9069914198}.Release|Any CPU.ActiveCfg = Release|Any CPU
		{6B50F04B-DD41-4F0A-943F-8A9069914198}.Release|Any CPU.Build.0 = Release|Any CPU
		{08E84733-18EA-411A-9672-DC1A36CED9E0}.Debug|Any CPU.ActiveCfg = Debug|Any CPU
		{08E84733-18EA-411A-9672-DC1A36CED9E0}.Debug|Any CPU.Build.0 = Debug|Any CPU
		{08E84733-18EA-411A-9672-DC1A36CED9E0}.Release|Any CPU.ActiveCfg = Release|Any CPU
		{08E84733-18EA-411A-9672-DC1A36CED9E0}.Release|Any CPU.Build.0 = Release|Any CPU
	EndGlobalSection
	GlobalSection(SolutionProperties) = preSolution
		HideSolutionNode = FALSE
	EndGlobalSection
	GlobalSection(ExtensibilityGlobals) = postSolution
		SolutionGuid = {AC6CC892-5544-4CF3-9817-A5C67766E0DD}
	EndGlobalSection
EndGlobal
